<?xml version="1.0" encoding="utf-8"?>
<Project ToolsVersion="4.0" xmlns="http://schemas.microsoft.com/developer/msbuild/2003">
  <ItemGroup>
    <ClCompile Include="connection.cpp" />
    <ClCompile Include="consensus_connection.cpp" />
    <ClCompile Include="mempool_connection.cpp" />
    <ClCompile Include="server.cpp" />
  </ItemGroup>
  <ItemGroup>
    <ClInclude Include="connection.hpp" />
    <ClInclude Include="consensus_connection.hpp" />
    <ClInclude Include="mempool_connection.hpp" />
    <ClInclude Include="server.hpp" />
  </ItemGroup>
</Project>